// !$*UTF8*$!
{
	archiveVersion = 1;
	classes = {
	};
	objectVersion = 46;
	objects = {

/* Begin PBXBuildFile section */
		A82A30181A7FE64A00067E01 /* main.m in Sources */ = {isa = PBXBuildFile; fileRef = A82A30171A7FE64A00067E01 /* main.m */; };
		A82A301B1A7FE64B00067E01 /* AppDelegate.m in Sources */ = {isa = PBXBuildFile; fileRef = A82A301A1A7FE64B00067E01 /* AppDelegate.m */; };
		A82A301E1A7FE64B00067E01 /* ViewController.m in Sources */ = {isa = PBXBuildFile; fileRef = A82A301D1A7FE64B00067E01 /* ViewController.m */; };
		A82A30211A7FE64B00067E01 /* Main.storyboard in Resources */ = {isa = PBXBuildFile; fileRef = A82A301F1A7FE64B00067E01 /* Main.storyboard */; };
		A82A30231A7FE64B00067E01 /* Images.xcassets in Resources */ = {isa = PBXBuildFile; fileRef = A82A30221A7FE64B00067E01 /* Images.xcassets */; };
		A82A30261A7FE64B00067E01 /* LaunchScreen.xib in Resources */ = {isa = PBXBuildFile; fileRef = A82A30241A7FE64B00067E01 /* LaunchScreen.xib */; };
		A82A30321A7FE64B00067E01 /* ci_testTests.m in Sources */ = {isa = PBXBuildFile; fileRef = A82A30311A7FE64B00067E01 /* ci_testTests.m */; };
/* End PBXBuildFile section */

/* Begin PBXContainerItemProxy section */
		A82A302C1A7FE64B00067E01 /* PBXContainerItemProxy */ = {
			isa = PBXContainerItemProxy;
			containerPortal = A82A300A1A7FE64A00067E01 /* Project object */;
			proxyType = 1;
			remoteGlobalIDString = A82A30111A7FE64A00067E01;
			remoteInfo = "ci-test";
		};
/* End PBXContainerItemProxy section */

/* Begin PBXFileReference section */
		A82A30121A7FE64A00067E01 /* ci-test.app */ = {isa = PBXFileReference; explicitFileType = wrapper.application; includeInIndex = 0; path = "ci-test.app"; sourceTree = BUILT_PRODUCTS_DIR; };
		A82A30161A7FE64A00067E01 /* Info.plist */ = {isa = PBXFileReference; lastKnownFileType = text.plist.xml; path = Info.plist; sourceTree = "<group>"; };
		A82A30171A7FE64A00067E01 /* main.m */ = {isa = PBXFileReference; lastKnownFileType = sourcecode.c.objc; path = main.m; sourceTree = "<group>"; };
		A82A30191A7FE64A00067E01 /* AppDelegate.h */ = {isa = PBXFileReference; lastKnownFileType = sourcecode.c.h; path = AppDelegate.h; sourceTree = "<group>"; };
		A82A301A1A7FE64B00067E01 /* AppDelegate.m */ = {isa = PBXFileReference; lastKnownFileType = sourcecode.c.objc; path = AppDelegate.m; sourceTree = "<group>"; };
		A82A301C1A7FE64B00067E01 /* ViewController.h */ = {isa = PBXFileReference; lastKnownFileType = sourcecode.c.h; path = ViewController.h; sourceTree = "<group>"; };
		A82A301D1A7FE64B00067E01 /* ViewController.m */ = {isa = PBXFileReference; lastKnownFileType = sourcecode.c.objc; path = ViewController.m; sourceTree = "<group>"; };
		A82A30201A7FE64B00067E01 /* Base */ = {isa = PBXFileReference; lastKnownFileType = file.storyboard; name = Base; path = Base.lproj/Main.storyboard; sourceTree = "<group>"; };
		A82A30221A7FE64B00067E01 /* Images.xcassets */ = {isa = PBXFileReference; lastKnownFileType = folder.assetcatalog; path = Images.xcassets; sourceTree = "<group>"; };
		A82A30251A7FE64B00067E01 /* Base */ = {isa = PBXFileReference; lastKnownFileType = file.xib; name = Base; path = Base.lproj/LaunchScreen.xib; sourceTree = "<group>"; };
		A82A302B1A7FE64B00067E01 /* ci-testTests.xctest */ = {isa = PBXFileReference; explicitFileType = wrapper.cfbundle; includeInIndex = 0; path = "ci-testTests.xctest"; sourceTree = BUILT_PRODUCTS_DIR; };
		A82A30301A7FE64B00067E01 /* Info.plist */ = {isa = PBXFileReference; lastKnownFileType = text.plist.xml; path = Info.plist; sourceTree = "<group>"; };
		A82A30311A7FE64B00067E01 /* ci_testTests.m */ = {isa = PBXFileReference; lastKnownFileType = sourcecode.c.objc; path = ci_testTests.m; sourceTree = "<group>"; };
/* End PBXFileReference section */

/* Begin PBXFrameworksBuildPhase section */
		A82A300F1A7FE64A00067E01 /* Frameworks */ = {
			isa = PBXFrameworksBuildPhase;
			buildActionMask = 2147483647;
			files = (
			);
			runOnlyForDeploymentPostprocessing = 0;
		};
		A82A30281A7FE64B00067E01 /* Frameworks */ = {
			isa = PBXFrameworksBuildPhase;
			buildActionMask = 2147483647;
			files = (
			);
			runOnlyForDeploymentPostprocessing = 0;
		};
/* End PBXFrameworksBuildPhase section */

/* Begin PBXGroup section */
		A82A30091A7FE64A00067E01 = {
			isa = PBXGroup;
			children = (
				A82A30141A7FE64A00067E01 /* ci-test */,
				A82A302E1A7FE64B00067E01 /* ci-testTests */,
				A82A30131A7FE64A00067E01 /* Products */,
			);
			sourceTree = "<group>";
		};
		A82A30131A7FE64A00067E01 /* Products */ = {
			isa = PBXGroup;
			children = (
				A82A30121A7FE64A00067E01 /* ci-test.app */,
				A82A302B1A7FE64B00067E01 /* ci-testTests.xctest */,
			);
			name = Products;
			sourceTree = "<group>";
		};
		A82A30141A7FE64A00067E01 /* ci-test */ = {
			isa = PBXGroup;
			children = (
				A82A30191A7FE64A00067E01 /* AppDelegate.h */,
				A82A301A1A7FE64B00067E01 /* AppDelegate.m */,
				A82A301C1A7FE64B00067E01 /* ViewController.h */,
				A82A301D1A7FE64B00067E01 /* ViewController.m */,
				A82A301F1A7FE64B00067E01 /* Main.storyboard */,
				A82A30221A7FE64B00067E01 /* Images.xcassets */,
				A82A30241A7FE64B00067E01 /* LaunchScreen.xib */,
				A82A30151A7FE64A00067E01 /* Supporting Files */,
			);
			path = "ci-test";
			sourceTree = "<group>";
		};
		A82A30151A7FE64A00067E01 /* Supporting Files */ = {
			isa = PBXGroup;
			children = (
				A82A30161A7FE64A00067E01 /* Info.plist */,
				A82A30171A7FE64A00067E01 /* main.m */,
			);
			name = "Supporting Files";
			sourceTree = "<group>";
		};
		A82A302E1A7FE64B00067E01 /* ci-testTests */ = {
			isa = PBXGroup;
			children = (
				A82A30311A7FE64B00067E01 /* ci_testTests.m */,
				A82A302F1A7FE64B00067E01 /* Supporting Files */,
			);
			path = "ci-testTests";
			sourceTree = "<group>";
		};
		A82A302F1A7FE64B00067E01 /* Supporting Files */ = {
			isa = PBXGroup;
			children = (
				A82A30301A7FE64B00067E01 /* Info.plist */,
			);
			name = "Supporting Files";
			sourceTree = "<group>";
		};
/* End PBXGroup section */

/* Begin PBXNativeTarget section */
		A82A30111A7FE64A00067E01 /* ci-test */ = {
			isa = PBXNativeTarget;
			buildConfigurationList = A82A30351A7FE64B00067E01 /* Build configuration list for PBXNativeTarget "ci-test" */;
			buildPhases = (
				A82A300E1A7FE64A00067E01 /* Sources */,
				A82A300F1A7FE64A00067E01 /* Frameworks */,
				A82A30101A7FE64A00067E01 /* Resources */,
			);
			buildRules = (
			);
			dependencies = (
			);
			name = "ci-test";
			productName = "ci-test";
			productReference = A82A30121A7FE64A00067E01 /* ci-test.app */;
			productType = "com.apple.product-type.application";
		};
		A82A302A1A7FE64B00067E01 /* ci-testTests */ = {
			isa = PBXNativeTarget;
			buildConfigurationList = A82A30381A7FE64B00067E01 /* Build configuration list for PBXNativeTarget "ci-testTests" */;
			buildPhases = (
				A82A30271A7FE64B00067E01 /* Sources */,
				A82A30281A7FE64B00067E01 /* Frameworks */,
				A82A30291A7FE64B00067E01 /* Resources */,
			);
			buildRules = (
			);
			dependencies = (
				A82A302D1A7FE64B00067E01 /* PBXTargetDependency */,
			);
			name = "ci-testTests";
			productName = "ci-testTests";
			productReference = A82A302B1A7FE64B00067E01 /* ci-testTests.xctest */;
			productType = "com.apple.product-type.bundle.unit-test";
		};
/* End PBXNativeTarget section */

/* Begin PBXProject section */
		A82A300A1A7FE64A00067E01 /* Project object */ = {
			isa = PBXProject;
			attributes = {
				LastUpgradeCheck = 0610;
				ORGANIZATIONNAME = "Matthew Weathers";
				TargetAttributes = {
					A82A30111A7FE64A00067E01 = {
						CreatedOnToolsVersion = 6.1.1;
					};
					A82A302A1A7FE64B00067E01 = {
						CreatedOnToolsVersion = 6.1.1;
						TestTargetID = A82A30111A7FE64A00067E01;
					};
				};
			};
			buildConfigurationList = A82A300D1A7FE64A00067E01 /* Build configuration list for PBXProject "ci-test" */;
			compatibilityVersion = "Xcode 3.2";
			developmentRegion = English;
			hasScannedForEncodings = 0;
			knownRegions = (
				en,
				Base,
			);
			mainGroup = A82A30091A7FE64A00067E01;
			productRefGroup = A82A30131A7FE64A00067E01 /* Products */;
			projectDirPath = "";
			projectRoot = "";
			targets = (
				A82A30111A7FE64A00067E01 /* ci-test */,
				A82A302A1A7FE64B00067E01 /* ci-testTests */,
			);
		};
/* End PBXProject section */

/* Begin PBXResourcesBuildPhase section */
		A82A30101A7FE64A00067E01 /* Resources */ = {
			isa = PBXResourcesBuildPhase;
			buildActionMask = 2147483647;
			files = (
				A82A30211A7FE64B00067E01 /* Main.storyboard in Resources */,
				A82A30261A7FE64B00067E01 /* LaunchScreen.xib in Resources */,
				A82A30231A7FE64B00067E01 /* Images.xcassets in Resources */,
			);
			runOnlyForDeploymentPostprocessing = 0;
		};
		A82A30291A7FE64B00067E01 /* Resources */ = {
			isa = PBXResourcesBuildPhase;
			buildActionMask = 2147483647;
			files = (
			);
			runOnlyForDeploymentPostprocessing = 0;
		};
/* End PBXResourcesBuildPhase section */

/* Begin PBXSourcesBuildPhase section */
		A82A300E1A7FE64A00067E01 /* Sources */ = {
			isa = PBXSourcesBuildPhase;
			buildActionMask = 2147483647;
			files = (
				A82A301E1A7FE64B00067E01 /* ViewController.m in Sources */,
				A82A301B1A7FE64B00067E01 /* AppDelegate.m in Sources */,
				A82A30181A7FE64A00067E01 /* main.m in Sources */,
			);
			runOnlyForDeploymentPostprocessing = 0;
		};
		A82A30271A7FE64B00067E01 /* Sources */ = {
			isa = PBXSourcesBuildPhase;
			buildActionMask = 2147483647;
			files = (
				A82A30321A7FE64B00067E01 /* ci_testTests.m in Sources */,
			);
			runOnlyForDeploymentPostprocessing = 0;
		};
/* End PBXSourcesBuildPhase section */

/* Begin PBXTargetDependency section */
		A82A302D1A7FE64B00067E01 /* PBXTargetDependency */ = {
			isa = PBXTargetDependency;
			target = A82A30111A7FE64A00067E01 /* ci-test */;
			targetProxy = A82A302C1A7FE64B00067E01 /* PBXContainerItemProxy */;
		};
/* End PBXTargetDependency section */

/* Begin PBXVariantGroup section */
		A82A301F1A7FE64B00067E01 /* Main.storyboard */ = {
			isa = PBXVariantGroup;
			children = (
				A82A30201A7FE64B00067E01 /* Base */,
			);
			name = Main.storyboard;
			sourceTree = "<group>";
		};
		A82A30241A7FE64B00067E01 /* LaunchScreen.xib */ = {
			isa = PBXVariantGroup;
			children = (
				A82A30251A7FE64B00067E01 /* Base */,
			);
			name = LaunchScreen.xib;
			sourceTree = "<group>";
		};
/* End PBXVariantGroup section */

/* Begin XCBuildConfiguration section */
		A82A30331A7FE64B00067E01 /* Debug */ = {
			isa = XCBuildConfiguration;
			buildSettings = {
				ALWAYS_SEARCH_USER_PATHS = NO;
				CLANG_CXX_LANGUAGE_STANDARD = "gnu++0x";
				CLANG_CXX_LIBRARY = "libc++";
				CLANG_ENABLE_MODULES = YES;
				CLANG_ENABLE_OBJC_ARC = YES;
				CLANG_WARN_BOOL_CONVERSION = YES;
				CLANG_WARN_CONSTANT_CONVERSION = YES;
				CLANG_WARN_DIRECT_OBJC_ISA_USAGE = YES_ERROR;
				CLANG_WARN_EMPTY_BODY = YES;
				CLANG_WARN_ENUM_CONVERSION = YES;
				CLANG_WARN_INT_CONVERSION = YES;
				CLANG_WARN_OBJC_ROOT_CLASS = YES_ERROR;
				CLANG_WARN_UNREACHABLE_CODE = YES;
				CLANG_WARN__DUPLICATE_METHOD_MATCH = YES;
				"CODE_SIGN_IDENTITY[sdk=iphoneos*]" = "iPhone Developer";
				COPY_PHASE_STRIP = NO;
				ENABLE_STRICT_OBJC_MSGSEND = YES;
				GCC_C_LANGUAGE_STANDARD = gnu99;
				GCC_DYNAMIC_NO_PIC = NO;
				GCC_OPTIMIZATION_LEVEL = 0;
				GCC_PREPROCESSOR_DEFINITIONS = (
					"DEBUG=1",
					"$(inherited)",
				);
				GCC_SYMBOLS_PRIVATE_EXTERN = NO;
				GCC_WARN_64_TO_32_BIT_CONVERSION = YES;
				GCC_WARN_ABOUT_RETURN_TYPE = YES_ERROR;
				GCC_WARN_UNDECLARED_SELECTOR = YES;
				GCC_WARN_UNINITIALIZED_AUTOS = YES_AGGRESSIVE;
				GCC_WARN_UNUSED_FUNCTION = YES;
				GCC_WARN_UNUSED_VARIABLE = YES;
				IPHONEOS_DEPLOYMENT_TARGET = 8.1;
				MTL_ENABLE_DEBUG_INFO = YES;
				ONLY_ACTIVE_ARCH = YES;
				SDKROOT = iphoneos;
				TARGETED_DEVICE_FAMILY = "1,2";
			};
			name = Debug;
		};
		A82A30341A7FE64B00067E01 /* Release */ = {
			isa = XCBuildConfiguration;
			buildSettings = {
				ALWAYS_SEARCH_USER_PATHS = NO;
				CLANG_CXX_LANGUAGE_STANDARD = "gnu++0x";
				CLANG_CXX_LIBRARY = "libc++";
				CLANG_ENABLE_MODULES = YES;
				CLANG_ENABLE_OBJC_ARC = YES;
				CLANG_WARN_BOOL_CONVERSION = YES;
				CLANG_WARN_CONSTANT_CONVERSION = YES;
				CLANG_WARN_DIRECT_OBJC_ISA_USAGE = YES_ERROR;
				CLANG_WARN_EMPTY_BODY = YES;
				CLANG_WARN_ENUM_CONVERSION = YES;
				CLANG_WARN_INT_CONVERSION = YES;
				CLANG_WARN_OBJC_ROOT_CLASS = YES_ERROR;
				CLANG_WARN_UNREACHABLE_CODE = YES;
				CLANG_WARN__DUPLICATE_METHOD_MATCH = YES;
				"CODE_SIGN_IDENTITY[sdk=iphoneos*]" = "iPhone Developer";
				COPY_PHASE_STRIP = YES;
				ENABLE_NS_ASSERTIONS = NO;
				ENABLE_STRICT_OBJC_MSGSEND = YES;
				GCC_C_LANGUAGE_STANDARD = gnu99;
				GCC_WARN_64_TO_32_BIT_CONVERSION = YES;
				GCC_WARN_ABOUT_RETURN_TYPE = YES_ERROR;
				GCC_WARN_UNDECLARED_SELECTOR = YES;
				GCC_WARN_UNINITIALIZED_AUTOS = YES_AGGRESSIVE;
				GCC_WARN_UNUSED_FUNCTION = YES;
				GCC_WARN_UNUSED_VARIABLE = YES;
				IPHONEOS_DEPLOYMENT_TARGET = 8.1;
				MTL_ENABLE_DEBUG_INFO = NO;
				SDKROOT = iphoneos;
				TARGETED_DEVICE_FAMILY = "1,2";
				VALIDATE_PRODUCT = YES;
			};
			name = Release;
		};
		A82A30361A7FE64B00067E01 /* Debug */ = {
			isa = XCBuildConfiguration;
			buildSettings = {
				ASSETCATALOG_COMPILER_APPICON_NAME = AppIcon;
				INFOPLIST_FILE = "ci-test/Info.plist";
				LD_RUNPATH_SEARCH_PATHS = "$(inherited) @executable_path/Frameworks";
				PRODUCT_NAME = "$(TARGET_NAME)";
			};
			name = Debug;
		};
		A82A30371A7FE64B00067E01 /* Release */ = {
			isa = XCBuildConfiguration;
			buildSettings = {
				ASSETCATALOG_COMPILER_APPICON_NAME = AppIcon;
				INFOPLIST_FILE = "ci-test/Info.plist";
				LD_RUNPATH_SEARCH_PATHS = "$(inherited) @executable_path/Frameworks";
				PRODUCT_NAME = "$(TARGET_NAME)";
			};
			name = Release;
		};
		A82A30391A7FE64B00067E01 /* Debug */ = {
			isa = XCBuildConfiguration;
			buildSettings = {
				BUNDLE_LOADER = "$(TEST_HOST)";
				FRAMEWORK_SEARCH_PATHS = (
					"$(SDKROOT)/Developer/Library/Frameworks",
					"$(inherited)",
				);
				GCC_PREPROCESSOR_DEFINITIONS = (
					"DEBUG=1",
					"$(inherited)",
				);
				INFOPLIST_FILE = "ci-testTests/Info.plist";
				LD_RUNPATH_SEARCH_PATHS = "$(inherited) @executable_path/Frameworks @loader_path/Frameworks";
				PRODUCT_NAME = "$(TARGET_NAME)";
				TEST_HOST = "$(BUILT_PRODUCTS_DIR)/ci-test.app/ci-test";
			};
			name = Debug;
		};
		A82A303A1A7FE64B00067E01 /* Release */ = {
			isa = XCBuildConfiguration;
			buildSettings = {
				BUNDLE_LOADER = "$(TEST_HOST)";
				FRAMEWORK_SEARCH_PATHS = (
					"$(SDKROOT)/Developer/Library/Frameworks",
					"$(inherited)",
				);
				INFOPLIST_FILE = "ci-testTests/Info.plist";
				LD_RUNPATH_SEARCH_PATHS = "$(inherited) @executable_path/Frameworks @loader_path/Frameworks";
				PRODUCT_NAME = "$(TARGET_NAME)";
				TEST_HOST = "$(BUILT_PRODUCTS_DIR)/ci-test.app/ci-test";
			};
			name = Release;
		};
/* End XCBuildConfiguration section */

/* Begin XCConfigurationList section */
		A82A300D1A7FE64A00067E01 /* Build configuration list for PBXProject "ci-test" */ = {
			isa = XCConfigurationList;
			buildConfigurations = (
				A82A30331A7FE64B00067E01 /* Debug */,
				A82A30341A7FE64B00067E01 /* Release */,
			);
			defaultConfigurationIsVisible = 0;
			defaultConfigurationName = Release;
		};
		A82A30351A7FE64B00067E01 /* Build configuration list for PBXNativeTarget "ci-test" */ = {
			isa = XCConfigurationList;
			buildConfigurations = (
				A82A30361A7FE64B00067E01 /* Debug */,
				A82A30371A7FE64B00067E01 /* Release */,
			);
			defaultConfigurationIsVisible = 0;
		};
		A82A30381A7FE64B00067E01 /* Build configuration list for PBXNativeTarget "ci-testTests" */ = {
			isa = XCConfigurationList;
			buildConfigurations = (
				A82A30391A7FE64B00067E01 /* Debug */,
				A82A303A1A7FE64B00067E01 /* Release */,
			);
			defaultConfigurationIsVisible = 0;
		};
/* End XCConfigurationList section */
	};
	rootObject = A82A300A1A7FE64A00067E01 /* Project object */;
}
